
Microsoft Visual Studio Solution File, Format Version 12.00
# Visual Studio Version 16
VisualStudioVersion = 16.0.29806.167
MinimumVisualStudioVersion = 10.0.40219.1
Project("{9A19103F-16F7-4668-BE54-9A1E7A4F7556}") = "DDDInPractice.Logic", "DDDInPractice.Logic\DDDInPractice.Logic.csproj", "{FE33FC1E-E245-47F2-9164-13EA1F3E5CB9}"
EndProject
Project("{9A19103F-16F7-4668-BE54-9A1E7A4F7556}") = "DDDInPractice.Tests", "DDDInPractice.Tests\DDDInPractice.Tests.csproj", "{AC56DF00-B24A-467A-876A-27FC154A358D}"
EndProject
Project("{FAE04EC0-301F-11D3-BF4B-00C04F79EFBC}") = "DDDInPracticeUI3", "DDDInPracticeUI3\DDDInPracticeUI3.csproj", "{9ABD0005-3E3D-4F4D-BF70-66BB09E35C19}"
EndProject
Global
	GlobalSection(SolutionConfigurationPlatforms) = preSolution
		Debug|Any CPU = Debug|Any CPU
		Release|Any CPU = Release|Any CPU
	EndGlobalSection
	GlobalSection(ProjectConfigurationPlatforms) = postSolution
		{FE33FC1E-E245-47F2-9164-13EA1F3E5CB9}.Debug|Any CPU.ActiveCfg = Debug|Any CPU
		{FE33FC1E-E245-47F2-9164-13EA1F3E5CB9}.Debug|Any CPU.Build.0 = Debug|Any CPU
		{FE33FC1E-E245-47F2-9164-13EA1F3E5CB9}.Release|Any CPU.ActiveCfg = Release|Any CPU
		{FE33FC1E-E245-47F2-9164-13EA1F3E5CB9}.Release|Any CPU.Build.0 = Release|Any CPU
		{AC56DF00-B24A-467A-876A-27FC154A358D}.Debug|Any CPU.ActiveCfg = Debug|Any CPU
		{AC56DF00-B24A-467A-876A-27FC154A358D}.Debug|Any CPU.Build.0 = Debug|Any CPU
		{AC56DF00-B24A-467A-876A-27FC154A358D}.Release|Any CPU.ActiveCfg = Release|Any CPU
		{AC56DF00-B24A-467A-876A-27FC154A358D}.Release|Any CPU.Build.0 = Release|Any CPU
		{9ABD0005-3E3D-4F4D-BF70-66BB09E35C19}.Debug|Any CPU.ActiveCfg = Debug|Any CPU
		{9ABD0005-3E3D-4F4D-BF70-66BB09E35C19}.Debug|Any CPU.Build.0 = Debug|Any CPU
		{9ABD0005-3E3D-4F4D-BF70-66BB09E35C19}.Release|Any CPU.ActiveCfg = Release|Any CPU
		{9ABD0005-3E3D-4F4D-BF70-66BB09E35C19}.Release|Any CPU.Build.0 = Release|Any CPU
	EndGlobalSection
	GlobalSection(SolutionProperties) = preSolution
		HideSolutionNode = FALSE
	EndGlobalSection
	GlobalSection(ExtensibilityGlobals) = postSolution
		SolutionGuid = {33E6DBE6-AB44-4012-8BC9-530B656D71AF}
	EndGlobalSection
EndGlobal
